
Microsoft Visual Studio Solution File, Format Version 12.00
# Visual Studio Version 17
VisualStudioVersion = 17.14.36930.0 d17.14
MinimumVisualStudioVersion = 10.0.40219.1
Project("{FAE04EC0-301F-11D3-BF4B-00C04F79EFBC}") = "TOM.WebUI", "hms-tom-dev\TOM.WebUI.csproj", "{C6487FAB-F00C-428D-BCD9-37D298CF66B8}"
EndProject
Project("{FAE04EC0-301F-11D3-BF4B-00C04F79EFBC}") = "DFIS.Contracts", "DFIS.Contracts\DFIS.Contracts.csproj", "{139B1B79-3500-4750-97CB-012E6C24FF19}"
EndProject
Project("{FAE04EC0-301F-11D3-BF4B-00C04F79EFBC}") = "DFIS.Utils", "DFIS.Utils\DFIS.Utils.csproj", "{CD65D670-560A-46BC-B974-7D2FE0ADD040}"
EndProject
Project("{2150E333-8FDC-42A3-9474-1A3956D46DE8}") = "DFIS_Universal", "DFIS_Universal", "{A192A711-E34D-4DDA-8B9E-2BD3C7BCE0F1}"
EndProject
Project("{2150E333-8FDC-42A3-9474-1A3956D46DE8}") = "Domain", "Domain", "{C5B421F3-AFE5-4A43-851D-E96DB90AFD4F}"
EndProject
Project("{FAE04EC0-301F-11D3-BF4B-00C04F79EFBC}") = "DFIS.Universal.Domain", "DFIS.Universal.Domain\DFIS.Universal.Domain.csproj", "{DF3235EF-6173-4A3D-81BD-D364A48291A6}"
EndProject
Project("{2150E333-8FDC-42A3-9474-1A3956D46DE8}") = ".nuget", ".nuget", "{17847C98-1C60-4229-A15D-8C3ABCFFC2CD}"
	ProjectSection(SolutionItems) = preProject
		.nuget\NuGet.Config = .nuget\NuGet.Config
		.nuget\NuGet.exe = .nuget\NuGet.exe
		.nuget\NuGet.targets = .nuget\NuGet.targets
	EndProjectSection
EndProject
Project("{FAE04EC0-301F-11D3-BF4B-00C04F79EFBC}") = "TOM.EntitiesDAL", "TOM.EntitiesDAL\TOM.EntitiesDAL.csproj", "{6D91578B-A117-4CD7-9886-D3163E926CFF}"
EndProject
Project("{2150E333-8FDC-42A3-9474-1A3956D46DE8}") = "TOM", "TOM", "{78CD99B1-6FFD-4F0B-A570-7A163BA6B281}"
EndProject
Project("{2150E333-8FDC-42A3-9474-1A3956D46DE8}") = "BusinessLogics", "BusinessLogics", "{3FB99257-A8FC-45DE-8EA1-F114520485AD}"
EndProject
Project("{2150E333-8FDC-42A3-9474-1A3956D46DE8}") = "Domain", "Domain", "{2F3E67FF-CCE0-4E71-8D56-974743D83B8C}"
EndProject
Project("{2150E333-8FDC-42A3-9474-1A3956D46DE8}") = "Repositories", "Repositories", "{2C2C8C31-082C-4E7D-AFC8-4331CCA9FA4C}"
EndProject
Project("{FAE04EC0-301F-11D3-BF4B-00C04F79EFBC}") = "TOM.Master.BusinessLogics", "TOM.Master.BusinessLogics\TOM.Master.BusinessLogics.csproj", "{C82D62EA-97C3-44F2-934B-AFE28E214DFB}"
EndProject
Project("{FAE04EC0-301F-11D3-BF4B-00C04F79EFBC}") = "TOM.Master.Domain", "TOM.Master.Domain\TOM.Master.Domain.csproj", "{25BA6530-4120-43BF-8C0F-62761197575A}"
EndProject
Project("{FAE04EC0-301F-11D3-BF4B-00C04F79EFBC}") = "TOM.Master.Repositories", "TOM.Master.Repositories\TOM.Master.Repositories.csproj", "{5BBA8B26-A84C-488B-AD8C-2500F8D101BB}"
EndProject
Project("{FAE04EC0-301F-11D3-BF4B-00C04F79EFBC}") = "TOM.BatchSQLScript", "TOM.BatchSQLScript\TOM.BatchSQLScript.csproj", "{FF7F40CF-F27E-4B85-94BF-80C957D92485}"
EndProject
Project("{2150E333-8FDC-42A3-9474-1A3956D46DE8}") = "BusinessLogics", "BusinessLogics", "{C4E29F15-9281-44FA-8F44-BE6153910604}"
EndProject
Project("{FAE04EC0-301F-11D3-BF4B-00C04F79EFBC}") = "DFIS.Universal.BusinessLogics", "DFIS.Universal.BusinessLogics\DFIS.Universal.BusinessLogics.csproj", "{6AA8A9CC-21EF-4103-A1B9-752CFAC47F9F}"
EndProject
Project("{2150E333-8FDC-42A3-9474-1A3956D46DE8}") = "Repositories", "Repositories", "{B0D6065B-BC32-413D-BF54-BBB7AB1DBF88}"
EndProject
Project("{FAE04EC0-301F-11D3-BF4B-00C04F79EFBC}") = "DFIS.Universal.Repositories", "DFIS.Universal.Repositories\DFIS.Universal.Repositories.csproj", "{74B4510C-2904-4DB6-92BB-AD46ACD546D2}"
EndProject
Project("{FAE04EC0-301F-11D3-BF4B-00C04F79EFBC}") = "TOM.Transport.BusinessLogics", "TOM.Transaction.BusinessLogics\TOM.Transport.BusinessLogics.csproj", "{A9D6B98E-8491-4D94-8BCB-1908FDB48D74}"
EndProject
Project("{FAE04EC0-301F-11D3-BF4B-00C04F79EFBC}") = "TOM.Transport.Repositories", "TOM.Transport.Repositories\TOM.Transport.Repositories.csproj", "{40440CB7-0910-498B-9B2B-7905FA1DF0EF}"
EndProject
Project("{FAE04EC0-301F-11D3-BF4B-00C04F79EFBC}") = "TOM.Transport.Domain", "TOM.Transport.Domain\TOM.Transport.Domain.csproj", "{D334E4B6-745B-40BD-8F62-3DD3B7D8AB6C}"
EndProject
Project("{FAE04EC0-301F-11D3-BF4B-00C04F79EFBC}") = "DFIS.EntitiesDAL", "DFIS.EntitiesDAL\DFIS.EntitiesDAL.csproj", "{46ADDD91-1FCB-44AB-AD95-63E20FBC9EB2}"
EndProject
Project("{2150E333-8FDC-42A3-9474-1A3956D46DE8}") = "Solution Items", "Solution Items", "{8EC462FD-D22E-90A8-E5CE-7E832BA40C5D}"
	ProjectSection(SolutionItems) = preProject
		hms-tom-dev\Web - Copy 2(rename to 'Web.config').config = hms-tom-dev\Web - Copy 2(rename to 'Web.config').config
	EndProjectSection
EndProject
Global
	GlobalSection(SolutionConfigurationPlatforms) = preSolution
		Debug|Any CPU = Debug|Any CPU
		Development|Any CPU = Development|Any CPU
		Release|Any CPU = Release|Any CPU
	EndGlobalSection
	GlobalSection(ProjectConfigurationPlatforms) = postSolution
		{C6487FAB-F00C-428D-BCD9-37D298CF66B8}.Debug|Any CPU.ActiveCfg = Debug|Any CPU
		{C6487FAB-F00C-428D-BCD9-37D298CF66B8}.Debug|Any CPU.Build.0 = Debug|Any CPU
		{C6487FAB-F00C-428D-BCD9-37D298CF66B8}.Development|Any CPU.ActiveCfg = Debug|Any CPU
		{C6487FAB-F00C-428D-BCD9-37D298CF66B8}.Development|Any CPU.Build.0 = Debug|Any CPU
		{C6487FAB-F00C-428D-BCD9-37D298CF66B8}.Release|Any CPU.ActiveCfg = Release|Any CPU
		{C6487FAB-F00C-428D-BCD9-37D298CF66B8}.Release|Any CPU.Build.0 = Release|Any CPU
		{139B1B79-3500-4750-97CB-012E6C24FF19}.Debug|Any CPU.ActiveCfg = Debug|Any CPU
		{139B1B79-3500-4750-97CB-012E6C24FF19}.Debug|Any CPU.Build.0 = Debug|Any CPU
		{139B1B79-3500-4750-97CB-012E6C24FF19}.Development|Any CPU.ActiveCfg = Debug|Any CPU
		{139B1B79-3500-4750-97CB-012E6C24FF19}.Development|Any CPU.Build.0 = Debug|Any CPU
		{139B1B79-3500-4750-97CB-012E6C24FF19}.Release|Any CPU.ActiveCfg = Release|Any CPU
		{139B1B79-3500-4750-97CB-012E6C24FF19}.Release|Any CPU.Build.0 = Release|Any CPU
		{CD65D670-560A-46BC-B974-7D2FE0ADD040}.Debug|Any CPU.ActiveCfg = Debug|Any CPU
		{CD65D670-560A-46BC-B974-7D2FE0ADD040}.Debug|Any CPU.Build.0 = Debug|Any CPU
		{CD65D670-560A-46BC-B974-7D2FE0ADD040}.Development|Any CPU.ActiveCfg = Debug|Any CPU
		{CD65D670-560A-46BC-B974-7D2FE0ADD040}.Development|Any CPU.Build.0 = Debug|Any CPU
		{CD65D670-560A-46BC-B974-7D2FE0ADD040}.Release|Any CPU.ActiveCfg = Release|Any CPU
		{CD65D670-560A-46BC-B974-7D2FE0ADD040}.Release|Any CPU.Build.0 = Release|Any CPU
		{DF3235EF-6173-4A3D-81BD-D364A48291A6}.Debug|Any CPU.ActiveCfg = Debug|Any CPU
		{DF3235EF-6173-4A3D-81BD-D364A48291A6}.Debug|Any CPU.Build.0 = Debug|Any CPU
		{DF3235EF-6173-4A3D-81BD-D364A48291A6}.Development|Any CPU.ActiveCfg = Debug|Any CPU
		{DF3235EF-6173-4A3D-81BD-D364A48291A6}.Development|Any CPU.Build.0 = Debug|Any CPU
		{DF3235EF-6173-4A3D-81BD-D364A48291A6}.Release|Any CPU.ActiveCfg = Release|Any CPU
		{DF3235EF-6173-4A3D-81BD-D364A48291A6}.Release|Any CPU.Build.0 = Release|Any CPU
		{6D91578B-A117-4CD7-9886-D3163E926CFF}.Debug|Any CPU.ActiveCfg = Debug|Any CPU
		{6D91578B-A117-4CD7-9886-D3163E926CFF}.Debug|Any CPU.Build.0 = Debug|Any CPU
		{6D91578B-A117-4CD7-9886-D3163E926CFF}.Development|Any CPU.ActiveCfg = Debug|Any CPU
		{6D91578B-A117-4CD7-9886-D3163E926CFF}.Development|Any CPU.Build.0 = Debug|Any CPU
		{6D91578B-A117-4CD7-9886-D3163E926CFF}.Release|Any CPU.ActiveCfg = Release|Any CPU
		{6D91578B-A117-4CD7-9886-D3163E926CFF}.Release|Any CPU.Build.0 = Release|Any CPU
		{C82D62EA-97C3-44F2-934B-AFE28E214DFB}.Debug|Any CPU.ActiveCfg = Debug|Any CPU
		{C82D62EA-97C3-44F2-934B-AFE28E214DFB}.Debug|Any CPU.Build.0 = Debug|Any CPU
		{C82D62EA-97C3-44F2-934B-AFE28E214DFB}.Development|Any CPU.ActiveCfg = Debug|Any CPU
		{C82D62EA-97C3-44F2-934B-AFE28E214DFB}.Development|Any CPU.Build.0 = Debug|Any CPU
		{C82D62EA-97C3-44F2-934B-AFE28E214DFB}.Release|Any CPU.ActiveCfg = Release|Any CPU
		{C82D62EA-97C3-44F2-934B-AFE28E214DFB}.Release|Any CPU.Build.0 = Release|Any CPU
		{25BA6530-4120-43BF-8C0F-62761197575A}.Debug|Any CPU.ActiveCfg = Debug|Any CPU
		{25BA6530-4120-43BF-8C0F-62761197575A}.Debug|Any CPU.Build.0 = Debug|Any CPU
		{25BA6530-4120-43BF-8C0F-62761197575A}.Development|Any CPU.ActiveCfg = Debug|Any CPU
		{25BA6530-4120-43BF-8C0F-62761197575A}.Development|Any CPU.Build.0 = Debug|Any CPU
		{25BA6530-4120-43BF-8C0F-62761197575A}.Release|Any CPU.ActiveCfg = Release|Any CPU
		{25BA6530-4120-43BF-8C0F-62761197575A}.Release|Any CPU.Build.0 = Release|Any CPU
		{5BBA8B26-A84C-488B-AD8C-2500F8D101BB}.Debug|Any CPU.ActiveCfg = Debug|Any CPU
		{5BBA8B26-A84C-488B-AD8C-2500F8D101BB}.Debug|Any CPU.Build.0 = Debug|Any CPU
		{5BBA8B26-A84C-488B-AD8C-2500F8D101BB}.Development|Any CPU.ActiveCfg = Debug|Any CPU
		{5BBA8B26-A84C-488B-AD8C-2500F8D101BB}.Development|Any CPU.Build.0 = Debug|Any CPU
		{5BBA8B26-A84C-488B-AD8C-2500F8D101BB}.Release|Any CPU.ActiveCfg = Release|Any CPU
		{5BBA8B26-A84C-488B-AD8C-2500F8D101BB}.Release|Any CPU.Build.0 = Release|Any CPU
		{FF7F40CF-F27E-4B85-94BF-80C957D92485}.Debug|Any CPU.ActiveCfg = Debug|Any CPU
		{FF7F40CF-F27E-4B85-94BF-80C957D92485}.Debug|Any CPU.Build.0 = Debug|Any CPU
		{FF7F40CF-F27E-4B85-94BF-80C957D92485}.Development|Any CPU.ActiveCfg = Debug|Any CPU
		{FF7F40CF-F27E-4B85-94BF-80C957D92485}.Development|Any CPU.Build.0 = Debug|Any CPU
		{FF7F40CF-F27E-4B85-94BF-80C957D92485}.Release|Any CPU.ActiveCfg = Release|Any CPU
		{FF7F40CF-F27E-4B85-94BF-80C957D92485}.Release|Any CPU.Build.0 = Release|Any CPU
		{6AA8A9CC-21EF-4103-A1B9-752CFAC47F9F}.Debug|Any CPU.ActiveCfg = Debug|Any CPU
		{6AA8A9CC-21EF-4103-A1B9-752CFAC47F9F}.Debug|Any CPU.Build.0 = Debug|Any CPU
		{6AA8A9CC-21EF-4103-A1B9-752CFAC47F9F}.Development|Any CPU.ActiveCfg = Debug|Any CPU
		{6AA8A9CC-21EF-4103-A1B9-752CFAC47F9F}.Development|Any CPU.Build.0 = Debug|Any CPU
		{6AA8A9CC-21EF-4103-A1B9-752CFAC47F9F}.Release|Any CPU.ActiveCfg = Release|Any CPU
		{6AA8A9CC-21EF-4103-A1B9-752CFAC47F9F}.Release|Any CPU.Build.0 = Release|Any CPU
		{74B4510C-2904-4DB6-92BB-AD46ACD546D2}.Debug|Any CPU.ActiveCfg = Debug|Any CPU
		{74B4510C-2904-4DB6-92BB-AD46ACD546D2}.Debug|Any CPU.Build.0 = Debug|Any CPU
		{74B4510C-2904-4DB6-92BB-AD46ACD546D2}.Development|Any CPU.ActiveCfg = Debug|Any CPU
		{74B4510C-2904-4DB6-92BB-AD46ACD546D2}.Development|Any CPU.Build.0 = Debug|Any CPU
		{74B4510C-2904-4DB6-92BB-AD46ACD546D2}.Release|Any CPU.ActiveCfg = Release|Any CPU
		{74B4510C-2904-4DB6-92BB-AD46ACD546D2}.Release|Any CPU.Build.0 = Release|Any CPU
		{A9D6B98E-8491-4D94-8BCB-1908FDB48D74}.Debug|Any CPU.ActiveCfg = Debug|Any CPU
		{A9D6B98E-8491-4D94-8BCB-1908FDB48D74}.Debug|Any CPU.Build.0 = Debug|Any CPU
		{A9D6B98E-8491-4D94-8BCB-1908FDB48D74}.Development|Any CPU.ActiveCfg = Debug|Any CPU
		{A9D6B98E-8491-4D94-8BCB-1908FDB48D74}.Development|Any CPU.Build.0 = Debug|Any CPU
		{A9D6B98E-8491-4D94-8BCB-1908FDB48D74}.Release|Any CPU.ActiveCfg = Release|Any CPU
		{A9D6B98E-8491-4D94-8BCB-1908FDB48D74}.Release|Any CPU.Build.0 = Release|Any CPU
		{40440CB7-0910-498B-9B2B-7905FA1DF0EF}.Debug|Any CPU.ActiveCfg = Debug|Any CPU
		{40440CB7-0910-498B-9B2B-7905FA1DF0EF}.Debug|Any CPU.Build.0 = Debug|Any CPU
		{40440CB7-0910-498B-9B2B-7905FA1DF0EF}.Development|Any CPU.ActiveCfg = Debug|Any CPU
		{40440CB7-0910-498B-9B2B-7905FA1DF0EF}.Development|Any CPU.Build.0 = Debug|Any CPU
		{40440CB7-0910-498B-9B2B-7905FA1DF0EF}.Release|Any CPU.ActiveCfg = Release|Any CPU
		{40440CB7-0910-498B-9B2B-7905FA1DF0EF}.Release|Any CPU.Build.0 = Release|Any CPU
		{D334E4B6-745B-40BD-8F62-3DD3B7D8AB6C}.Debug|Any CPU.ActiveCfg = Debug|Any CPU
		{D334E4B6-745B-40BD-8F62-3DD3B7D8AB6C}.Debug|Any CPU.Build.0 = Debug|Any CPU
		{D334E4B6-745B-40BD-8F62-3DD3B7D8AB6C}.Development|Any CPU.ActiveCfg = Debug|Any CPU
		{D334E4B6-745B-40BD-8F62-3DD3B7D8AB6C}.Development|Any CPU.Build.0 = Debug|Any CPU
		{D334E4B6-745B-40BD-8F62-3DD3B7D8AB6C}.Release|Any CPU.ActiveCfg = Release|Any CPU
		{D334E4B6-745B-40BD-8F62-3DD3B7D8AB6C}.Release|Any CPU.Build.0 = Release|Any CPU
		{46ADDD91-1FCB-44AB-AD95-63E20FBC9EB2}.Debug|Any CPU.ActiveCfg = Debug|Any CPU
		{46ADDD91-1FCB-44AB-AD95-63E20FBC9EB2}.Debug|Any CPU.Build.0 = Debug|Any CPU
		{46ADDD91-1FCB-44AB-AD95-63E20FBC9EB2}.Development|Any CPU.ActiveCfg = Debug|Any CPU
		{46ADDD91-1FCB-44AB-AD95-63E20FBC9EB2}.Development|Any CPU.Build.0 = Debug|Any CPU
		{46ADDD91-1FCB-44AB-AD95-63E20FBC9EB2}.Release|Any CPU.ActiveCfg = Release|Any CPU
		{46ADDD91-1FCB-44AB-AD95-63E20FBC9EB2}.Release|Any CPU.Build.0 = Release|Any CPU
	EndGlobalSection
	GlobalSection(SolutionProperties) = preSolution
		HideSolutionNode = FALSE
	EndGlobalSection
	GlobalSection(NestedProjects) = preSolution
		{C5B421F3-AFE5-4A43-851D-E96DB90AFD4F} = {A192A711-E34D-4DDA-8B9E-2BD3C7BCE0F1}
		{DF3235EF-6173-4A3D-81BD-D364A48291A6} = {C5B421F3-AFE5-4A43-851D-E96DB90AFD4F}
		{3FB99257-A8FC-45DE-8EA1-F114520485AD} = {78CD99B1-6FFD-4F0B-A570-7A163BA6B281}
		{2F3E67FF-CCE0-4E71-8D56-974743D83B8C} = {78CD99B1-6FFD-4F0B-A570-7A163BA6B281}
		{2C2C8C31-082C-4E7D-AFC8-4331CCA9FA4C} = {78CD99B1-6FFD-4F0B-A570-7A163BA6B281}
		{C82D62EA-97C3-44F2-934B-AFE28E214DFB} = {3FB99257-A8FC-45DE-8EA1-F114520485AD}
		{25BA6530-4120-43BF-8C0F-62761197575A} = {2F3E67FF-CCE0-4E71-8D56-974743D83B8C}
		{5BBA8B26-A84C-488B-AD8C-2500F8D101BB} = {2C2C8C31-082C-4E7D-AFC8-4331CCA9FA4C}
		{C4E29F15-9281-44FA-8F44-BE6153910604} = {A192A711-E34D-4DDA-8B9E-2BD3C7BCE0F1}
		{6AA8A9CC-21EF-4103-A1B9-752CFAC47F9F} = {C4E29F15-9281-44FA-8F44-BE6153910604}
		{B0D6065B-BC32-413D-BF54-BBB7AB1DBF88} = {A192A711-E34D-4DDA-8B9E-2BD3C7BCE0F1}
		{74B4510C-2904-4DB6-92BB-AD46ACD546D2} = {B0D6065B-BC32-413D-BF54-BBB7AB1DBF88}
		{A9D6B98E-8491-4D94-8BCB-1908FDB48D74} = {3FB99257-A8FC-45DE-8EA1-F114520485AD}
		{40440CB7-0910-498B-9B2B-7905FA1DF0EF} = {2C2C8C31-082C-4E7D-AFC8-4331CCA9FA4C}
		{D334E4B6-745B-40BD-8F62-3DD3B7D8AB6C} = {2F3E67FF-CCE0-4E71-8D56-974743D83B8C}
	EndGlobalSection
	GlobalSection(ExtensibilityGlobals) = postSolution
		SolutionGuid = {C51821D3-2B6E-4E3A-AA9A-05AFE8E4CAB8}
	EndGlobalSection
EndGlobal
